
Microsoft Visual Studio Solution File, Format Version 12.00
# Visual Studio 15
Project("{FAE04EC0-301F-11D3-BF4B-00C04F79EFBC}") = "Assembly-CSharp-Editor", "Assembly-CSharp-Editor.csproj", "{8F96EFAB-978E-22A4-4F12-602ADC7ED9CE}"
EndProject
Project("{FAE04EC0-301F-11D3-BF4B-00C04F79EFBC}") = "Assembly-CSharp", "Assembly-CSharp.csproj", "{A9045E35-3A81-8F98-A5A3-2E4EB47DA4DB}"
EndProject
Global
	GlobalSection(SolutionConfigurationPlatforms) = preSolution
		Debug|Any CPU = Debug|Any CPU
		Release|Any CPU = Release|Any CPU
	EndGlobalSection
	GlobalSection(ProjectConfigurationPlatforms) = postSolution
		{8F96EFAB-978E-22A4-4F12-602ADC7ED9CE}.Debug|Any CPU.ActiveCfg = Debug|Any CPU
		{8F96EFAB-978E-22A4-4F12-602ADC7ED9CE}.Debug|Any CPU.Build.0 = Debug|Any CPU
		{8F96EFAB-978E-22A4-4F12-602ADC7ED9CE}.Release|Any CPU.ActiveCfg = Release|Any CPU
		{8F96EFAB-978E-22A4-4F12-602ADC7ED9CE}.Release|Any CPU.Build.0 = Release|Any CPU
		{A9045E35-3A81-8F98-A5A3-2E4EB47DA4DB}.Debug|Any CPU.ActiveCfg = Debug|Any CPU
		{A9045E35-3A81-8F98-A5A3-2E4EB47DA4DB}.Debug|Any CPU.Build.0 = Debug|Any CPU
		{A9045E35-3A81-8F98-A5A3-2E4EB47DA4DB}.Release|Any CPU.ActiveCfg = Release|Any CPU
		{A9045E35-3A81-8F98-A5A3-2E4EB47DA4DB}.Release|Any CPU.Build.0 = Release|Any CPU
	EndGlobalSection
	GlobalSection(SolutionProperties) = preSolution
		HideSolutionNode = FALSE
	EndGlobalSection
EndGlobal
