
Microsoft Visual Studio Solution File, Format Version 12.00
# Visual Studio 15
Project("{FAE04EC0-301F-11D3-BF4B-00C04F79EFBC}") = "Assembly-CSharp-Editor", "Assembly-CSharp-Editor.csproj", "{5E71C0E6-EFD4-7C1F-A26F-7B1AD95A02EC}"
EndProject
Project("{FAE04EC0-301F-11D3-BF4B-00C04F79EFBC}") = "Assembly-CSharp", "Assembly-CSharp.csproj", "{BCE8C60B-1230-F30C-BB32-310DCF31847B}"
EndProject
Global
	GlobalSection(SolutionConfigurationPlatforms) = preSolution
		Debug|Any CPU = Debug|Any CPU
		Release|Any CPU = Release|Any CPU
	EndGlobalSection
	GlobalSection(ProjectConfigurationPlatforms) = postSolution
		{5E71C0E6-EFD4-7C1F-A26F-7B1AD95A02EC}.Debug|Any CPU.ActiveCfg = Debug|Any CPU
		{5E71C0E6-EFD4-7C1F-A26F-7B1AD95A02EC}.Debug|Any CPU.Build.0 = Debug|Any CPU
		{5E71C0E6-EFD4-7C1F-A26F-7B1AD95A02EC}.Release|Any CPU.ActiveCfg = Release|Any CPU
		{5E71C0E6-EFD4-7C1F-A26F-7B1AD95A02EC}.Release|Any CPU.Build.0 = Release|Any CPU
		{BCE8C60B-1230-F30C-BB32-310DCF31847B}.Debug|Any CPU.ActiveCfg = Debug|Any CPU
		{BCE8C60B-1230-F30C-BB32-310DCF31847B}.Debug|Any CPU.Build.0 = Debug|Any CPU
		{BCE8C60B-1230-F30C-BB32-310DCF31847B}.Release|Any CPU.ActiveCfg = Release|Any CPU
		{BCE8C60B-1230-F30C-BB32-310DCF31847B}.Release|Any CPU.Build.0 = Release|Any CPU
	EndGlobalSection
	GlobalSection(SolutionProperties) = preSolution
		HideSolutionNode = FALSE
	EndGlobalSection
EndGlobal
